// !$*UTF8*$!
{
	archiveVersion = 1;
	classes = {
	};
	objectVersion = 50;
	objects = {

/* Begin PBXBuildFile section */
		413C14F22537F06B009A8716 /* AppDelegate.swift in Sources */ = {isa = PBXBuildFile; fileRef = 413C14F12537F06B009A8716 /* AppDelegate.swift */; };
		413C14F42537F06B009A8716 /* SceneDelegate.swift in Sources */ = {isa = PBXBuildFile; fileRef = 413C14F32537F06B009A8716 /* SceneDelegate.swift */; };
		413C14F92537F06B009A8716 /* Main.storyboard in Resources */ = {isa = PBXBuildFile; fileRef = 413C14F72537F06B009A8716 /* Main.storyboard */; };
		413C14FB2537F17E009A8716 /* Assets.xcassets in Resources */ = {isa = PBXBuildFile; fileRef = 413C14FA2537F17D009A8716 /* Assets.xcassets */; };
		413C14FE2537F17F009A8716 /* LaunchScreen.storyboard in Resources */ = {isa = PBXBuildFile; fileRef = 413C14FC2537F17F009A8716 /* LaunchScreen.storyboard */; };
		4EE23B51254094F4002D6D35 /* Exercise.swift in Sources */ = {isa = PBXBuildFile; fileRef = 4EE23B50254094F4002D6D35 /* Exercise.swift */; };
		4EE23B55254096C2002D6D35 /* Instructions.swift in Sources */ = {isa = PBXBuildFile; fileRef = 4EE23B54254096C2002D6D35 /* Instructions.swift */; };
		4EE23B5825409CB8002D6D35 /* ConfiguredExercise.swift in Sources */ = {isa = PBXBuildFile; fileRef = 4EE23B5725409CB8002D6D35 /* ConfiguredExercise.swift */; };
		4EE23B5B2540A496002D6D35 /* Routine.swift in Sources */ = {isa = PBXBuildFile; fileRef = 4EE23B5A2540A496002D6D35 /* Routine.swift */; };
		EC660BB4253951AA00ABD577 /* RoutinesTableViewController.swift in Sources */ = {isa = PBXBuildFile; fileRef = EC660BB3253951AA00ABD577 /* RoutinesTableViewController.swift */; };
		EC660BC025395B0100ABD577 /* RoutinePreviewTableViewController.swift in Sources */ = {isa = PBXBuildFile; fileRef = EC660BBF25395B0100ABD577 /* RoutinePreviewTableViewController.swift */; };
		EC660BC325395B8100ABD577 /* ExercisesTableViewController.swift in Sources */ = {isa = PBXBuildFile; fileRef = EC660BC225395B8100ABD577 /* ExercisesTableViewController.swift */; };
		EC6D7668253A11DB0091AA93 /* RoutineTableViewCell.swift in Sources */ = {isa = PBXBuildFile; fileRef = EC6D7666253A11DB0091AA93 /* RoutineTableViewCell.swift */; };
		EC6D7669253A11DB0091AA93 /* RoutineTableViewCell.xib in Resources */ = {isa = PBXBuildFile; fileRef = EC6D7667253A11DB0091AA93 /* RoutineTableViewCell.xib */; };
/* End PBXBuildFile section */

/* Begin PBXFileReference section */
		413C14EE2537F06B009A8716 /* TrainingAssistant.app */ = {isa = PBXFileReference; explicitFileType = wrapper.application; includeInIndex = 0; path = TrainingAssistant.app; sourceTree = BUILT_PRODUCTS_DIR; };
		413C14F12537F06B009A8716 /* AppDelegate.swift */ = {isa = PBXFileReference; lastKnownFileType = sourcecode.swift; path = AppDelegate.swift; sourceTree = "<group>"; };
		413C14F32537F06B009A8716 /* SceneDelegate.swift */ = {isa = PBXFileReference; lastKnownFileType = sourcecode.swift; path = SceneDelegate.swift; sourceTree = "<group>"; };
		413C14F82537F06B009A8716 /* Base */ = {isa = PBXFileReference; lastKnownFileType = file.storyboard; name = Base; path = Base.lproj/Main.storyboard; sourceTree = "<group>"; };
		413C14FA2537F17D009A8716 /* Assets.xcassets */ = {isa = PBXFileReference; lastKnownFileType = folder.assetcatalog; path = Assets.xcassets; sourceTree = "<group>"; };
		413C14FD2537F17F009A8716 /* Base */ = {isa = PBXFileReference; lastKnownFileType = file.storyboard; name = Base; path = Base.lproj/LaunchScreen.storyboard; sourceTree = "<group>"; };
		413C14FF2537F17F009A8716 /* Info.plist */ = {isa = PBXFileReference; lastKnownFileType = text.plist.xml; path = Info.plist; sourceTree = "<group>"; };
		4EE23B50254094F4002D6D35 /* Exercise.swift */ = {isa = PBXFileReference; lastKnownFileType = sourcecode.swift; path = Exercise.swift; sourceTree = "<group>"; };
		4EE23B54254096C2002D6D35 /* Instructions.swift */ = {isa = PBXFileReference; lastKnownFileType = sourcecode.swift; path = Instructions.swift; sourceTree = "<group>"; };
		4EE23B5725409CB8002D6D35 /* ConfiguredExercise.swift */ = {isa = PBXFileReference; lastKnownFileType = sourcecode.swift; path = ConfiguredExercise.swift; sourceTree = "<group>"; };
		4EE23B5A2540A496002D6D35 /* Routine.swift */ = {isa = PBXFileReference; lastKnownFileType = sourcecode.swift; path = Routine.swift; sourceTree = "<group>"; };
		EC660BB3253951AA00ABD577 /* RoutinesTableViewController.swift */ = {isa = PBXFileReference; lastKnownFileType = sourcecode.swift; path = RoutinesTableViewController.swift; sourceTree = "<group>"; };
		EC660BBF25395B0100ABD577 /* RoutinePreviewTableViewController.swift */ = {isa = PBXFileReference; lastKnownFileType = sourcecode.swift; path = RoutinePreviewTableViewController.swift; sourceTree = "<group>"; };
		EC660BC225395B8100ABD577 /* ExercisesTableViewController.swift */ = {isa = PBXFileReference; lastKnownFileType = sourcecode.swift; path = ExercisesTableViewController.swift; sourceTree = "<group>"; };
		EC6D7666253A11DB0091AA93 /* RoutineTableViewCell.swift */ = {isa = PBXFileReference; lastKnownFileType = sourcecode.swift; path = RoutineTableViewCell.swift; sourceTree = "<group>"; };
		EC6D7667253A11DB0091AA93 /* RoutineTableViewCell.xib */ = {isa = PBXFileReference; lastKnownFileType = file.xib; path = RoutineTableViewCell.xib; sourceTree = "<group>"; };
/* End PBXFileReference section */

/* Begin PBXFrameworksBuildPhase section */
		413C14EB2537F06B009A8716 /* Frameworks */ = {
			isa = PBXFrameworksBuildPhase;
			buildActionMask = 2147483647;
			files = (
			);
			runOnlyForDeploymentPostprocessing = 0;
		};
/* End PBXFrameworksBuildPhase section */

/* Begin PBXGroup section */
		413C14E52537F06B009A8716 = {
			isa = PBXGroup;
			children = (
				413C14F02537F06B009A8716 /* TrainingAssistant */,
				413C14EF2537F06B009A8716 /* Products */,
			);
			sourceTree = "<group>";
		};
		413C14EF2537F06B009A8716 /* Products */ = {
			isa = PBXGroup;
			children = (
				413C14EE2537F06B009A8716 /* TrainingAssistant.app */,
			);
			name = Products;
			sourceTree = "<group>";
		};
		413C14F02537F06B009A8716 /* TrainingAssistant */ = {
			isa = PBXGroup;
			children = (
				4EE23B4F25409475002D6D35 /* Classes */,
				413C14F12537F06B009A8716 /* AppDelegate.swift */,
				413C14F32537F06B009A8716 /* SceneDelegate.swift */,
				EC6D7666253A11DB0091AA93 /* RoutineTableViewCell.swift */,
				EC6D7667253A11DB0091AA93 /* RoutineTableViewCell.xib */,
				EC660BC225395B8100ABD577 /* ExercisesTableViewController.swift */,
				EC660BB3253951AA00ABD577 /* RoutinesTableViewController.swift */,
				EC660BBF25395B0100ABD577 /* RoutinePreviewTableViewController.swift */,
				413C14F72537F06B009A8716 /* Main.storyboard */,
				413C14FA2537F17D009A8716 /* Assets.xcassets */,
				413C14FC2537F17F009A8716 /* LaunchScreen.storyboard */,
				413C14FF2537F17F009A8716 /* Info.plist */,
			);
			path = TrainingAssistant;
			sourceTree = "<group>";
		};
		4EE23B4F25409475002D6D35 /* Classes */ = {
			isa = PBXGroup;
			children = (
				4EE23B50254094F4002D6D35 /* Exercise.swift */,
				4EE23B54254096C2002D6D35 /* Instructions.swift */,
				4EE23B5725409CB8002D6D35 /* ConfiguredExercise.swift */,
				4EE23B5A2540A496002D6D35 /* Routine.swift */,
			);
			path = Classes;
			sourceTree = "<group>";
		};
/* End PBXGroup section */

/* Begin PBXNativeTarget section */
		413C14ED2537F06B009A8716 /* TrainingAssistant */ = {
			isa = PBXNativeTarget;
			buildConfigurationList = 413C15022537F180009A8716 /* Build configuration list for PBXNativeTarget "TrainingAssistant" */;
			buildPhases = (
				413C14EA2537F06B009A8716 /* Sources */,
				413C14EB2537F06B009A8716 /* Frameworks */,
				413C14EC2537F06B009A8716 /* Resources */,
			);
			buildRules = (
			);
			dependencies = (
			);
			name = TrainingAssistant;
			productName = TrainingAssistant;
			productReference = 413C14EE2537F06B009A8716 /* TrainingAssistant.app */;
			productType = "com.apple.product-type.application";
		};
/* End PBXNativeTarget section */

/* Begin PBXProject section */
		413C14E62537F06B009A8716 /* Project object */ = {
			isa = PBXProject;
			attributes = {
				LastSwiftUpdateCheck = 1200;
				LastUpgradeCheck = 1200;
				TargetAttributes = {
					413C14ED2537F06B009A8716 = {
						CreatedOnToolsVersion = 12.0.1;
					};
				};
			};
			buildConfigurationList = 413C14E92537F06B009A8716 /* Build configuration list for PBXProject "TrainingAssistant" */;
			compatibilityVersion = "Xcode 9.3";
			developmentRegion = en;
			hasScannedForEncodings = 0;
			knownRegions = (
				en,
				Base,
			);
			mainGroup = 413C14E52537F06B009A8716;
			productRefGroup = 413C14EF2537F06B009A8716 /* Products */;
			projectDirPath = "";
			projectRoot = "";
			targets = (
				413C14ED2537F06B009A8716 /* TrainingAssistant */,
			);
		};
/* End PBXProject section */

/* Begin PBXResourcesBuildPhase section */
		413C14EC2537F06B009A8716 /* Resources */ = {
			isa = PBXResourcesBuildPhase;
			buildActionMask = 2147483647;
			files = (
				413C14FE2537F17F009A8716 /* LaunchScreen.storyboard in Resources */,
				413C14FB2537F17E009A8716 /* Assets.xcassets in Resources */,
				EC6D7669253A11DB0091AA93 /* RoutineTableViewCell.xib in Resources */,
				413C14F92537F06B009A8716 /* Main.storyboard in Resources */,
			);
			runOnlyForDeploymentPostprocessing = 0;
		};
/* End PBXResourcesBuildPhase section */

/* Begin PBXSourcesBuildPhase section */
		413C14EA2537F06B009A8716 /* Sources */ = {
			isa = PBXSourcesBuildPhase;
			buildActionMask = 2147483647;
			files = (
				4EE23B5B2540A496002D6D35 /* Routine.swift in Sources */,
				EC6D7668253A11DB0091AA93 /* RoutineTableViewCell.swift in Sources */,
				413C14F22537F06B009A8716 /* AppDelegate.swift in Sources */,
				4EE23B55254096C2002D6D35 /* Instructions.swift in Sources */,
				EC660BC325395B8100ABD577 /* ExercisesTableViewController.swift in Sources */,
				413C14F42537F06B009A8716 /* SceneDelegate.swift in Sources */,
				EC660BB4253951AA00ABD577 /* RoutinesTableViewController.swift in Sources */,
				4EE23B51254094F4002D6D35 /* Exercise.swift in Sources */,
				4EE23B5825409CB8002D6D35 /* ConfiguredExercise.swift in Sources */,
				EC660BC025395B0100ABD577 /* RoutinePreviewTableViewController.swift in Sources */,
			);
			runOnlyForDeploymentPostprocessing = 0;
		};
/* End PBXSourcesBuildPhase section */

/* Begin PBXVariantGroup section */
		413C14F72537F06B009A8716 /* Main.storyboard */ = {
			isa = PBXVariantGroup;
			children = (
				413C14F82537F06B009A8716 /* Base */,
			);
			name = Main.storyboard;
			sourceTree = "<group>";
		};
		413C14FC2537F17F009A8716 /* LaunchScreen.storyboard */ = {
			isa = PBXVariantGroup;
			children = (
				413C14FD2537F17F009A8716 /* Base */,
			);
			name = LaunchScreen.storyboard;
			sourceTree = "<group>";
		};
/* End PBXVariantGroup section */

/* Begin XCBuildConfiguration section */
		413C15002537F17F009A8716 /* Debug */ = {
			isa = XCBuildConfiguration;
			buildSettings = {
				ALWAYS_SEARCH_USER_PATHS = NO;
				CLANG_ANALYZER_NONNULL = YES;
				CLANG_ANALYZER_NUMBER_OBJECT_CONVERSION = YES_AGGRESSIVE;
				CLANG_CXX_LANGUAGE_STANDARD = "gnu++14";
				CLANG_CXX_LIBRARY = "libc++";
				CLANG_ENABLE_MODULES = YES;
				CLANG_ENABLE_OBJC_ARC = YES;
				CLANG_ENABLE_OBJC_WEAK = YES;
				CLANG_WARN_BLOCK_CAPTURE_AUTORELEASING = YES;
				CLANG_WARN_BOOL_CONVERSION = YES;
				CLANG_WARN_COMMA = YES;
				CLANG_WARN_CONSTANT_CONVERSION = YES;
				CLANG_WARN_DEPRECATED_OBJC_IMPLEMENTATIONS = YES;
				CLANG_WARN_DIRECT_OBJC_ISA_USAGE = YES_ERROR;
				CLANG_WARN_DOCUMENTATION_COMMENTS = YES;
				CLANG_WARN_EMPTY_BODY = YES;
				CLANG_WARN_ENUM_CONVERSION = YES;
				CLANG_WARN_INFINITE_RECURSION = YES;
				CLANG_WARN_INT_CONVERSION = YES;
				CLANG_WARN_NON_LITERAL_NULL_CONVERSION = YES;
				CLANG_WARN_OBJC_IMPLICIT_RETAIN_SELF = YES;
				CLANG_WARN_OBJC_LITERAL_CONVERSION = YES;
				CLANG_WARN_OBJC_ROOT_CLASS = YES_ERROR;
				CLANG_WARN_QUOTED_INCLUDE_IN_FRAMEWORK_HEADER = YES;
				CLANG_WARN_RANGE_LOOP_ANALYSIS = YES;
				CLANG_WARN_STRICT_PROTOTYPES = YES;
				CLANG_WARN_SUSPICIOUS_MOVE = YES;
				CLANG_WARN_UNGUARDED_AVAILABILITY = YES_AGGRESSIVE;
				CLANG_WARN_UNREACHABLE_CODE = YES;
				CLANG_WARN__DUPLICATE_METHOD_MATCH = YES;
				COPY_PHASE_STRIP = NO;
				DEBUG_INFORMATION_FORMAT = dwarf;
				ENABLE_STRICT_OBJC_MSGSEND = YES;
				ENABLE_TESTABILITY = YES;
				GCC_C_LANGUAGE_STANDARD = gnu11;
				GCC_DYNAMIC_NO_PIC = NO;
				GCC_NO_COMMON_BLOCKS = YES;
				GCC_OPTIMIZATION_LEVEL = 0;
				GCC_PREPROCESSOR_DEFINITIONS = (
					"DEBUG=1",
					"$(inherited)",
				);
				GCC_WARN_64_TO_32_BIT_CONVERSION = YES;
				GCC_WARN_ABOUT_RETURN_TYPE = YES_ERROR;
				GCC_WARN_UNDECLARED_SELECTOR = YES;
				GCC_WARN_UNINITIALIZED_AUTOS = YES_AGGRESSIVE;
				GCC_WARN_UNUSED_FUNCTION = YES;
				GCC_WARN_UNUSED_VARIABLE = YES;
				IPHONEOS_DEPLOYMENT_TARGET = 14.0;
				MTL_ENABLE_DEBUG_INFO = INCLUDE_SOURCE;
				MTL_FAST_MATH = YES;
				ONLY_ACTIVE_ARCH = YES;
				SDKROOT = iphoneos;
				SWIFT_ACTIVE_COMPILATION_CONDITIONS = DEBUG;
				SWIFT_OPTIMIZATION_LEVEL = "-Onone";
			};
			name = Debug;
		};
		413C15012537F180009A8716 /* Release */ = {
			isa = XCBuildConfiguration;
			buildSettings = {
				ALWAYS_SEARCH_USER_PATHS = NO;
				CLANG_ANALYZER_NONNULL = YES;
				CLANG_ANALYZER_NUMBER_OBJECT_CONVERSION = YES_AGGRESSIVE;
				CLANG_CXX_LANGUAGE_STANDARD = "gnu++14";
				CLANG_CXX_LIBRARY = "libc++";
				CLANG_ENABLE_MODULES = YES;
				CLANG_ENABLE_OBJC_ARC = YES;
				CLANG_ENABLE_OBJC_WEAK = YES;
				CLANG_WARN_BLOCK_CAPTURE_AUTORELEASING = YES;
				CLANG_WARN_BOOL_CONVERSION = YES;
				CLANG_WARN_COMMA = YES;
				CLANG_WARN_CONSTANT_CONVERSION = YES;
				CLANG_WARN_DEPRECATED_OBJC_IMPLEMENTATIONS = YES;
				CLANG_WARN_DIRECT_OBJC_ISA_USAGE = YES_ERROR;
				CLANG_WARN_DOCUMENTATION_COMMENTS = YES;
				CLANG_WARN_EMPTY_BODY = YES;
				CLANG_WARN_ENUM_CONVERSION = YES;
				CLANG_WARN_INFINITE_RECURSION = YES;
				CLANG_WARN_INT_CONVERSION = YES;
				CLANG_WARN_NON_LITERAL_NULL_CONVERSION = YES;
				CLANG_WARN_OBJC_IMPLICIT_RETAIN_SELF = YES;
				CLANG_WARN_OBJC_LITERAL_CONVERSION = YES;
				CLANG_WARN_OBJC_ROOT_CLASS = YES_ERROR;
				CLANG_WARN_QUOTED_INCLUDE_IN_FRAMEWORK_HEADER = YES;
				CLANG_WARN_RANGE_LOOP_ANALYSIS = YES;
				CLANG_WARN_STRICT_PROTOTYPES = YES;
				CLANG_WARN_SUSPICIOUS_MOVE = YES;
				CLANG_WARN_UNGUARDED_AVAILABILITY = YES_AGGRESSIVE;
				CLANG_WARN_UNREACHABLE_CODE = YES;
				CLANG_WARN__DUPLICATE_METHOD_MATCH = YES;
				COPY_PHASE_STRIP = NO;
				DEBUG_INFORMATION_FORMAT = "dwarf-with-dsym";
				ENABLE_NS_ASSERTIONS = NO;
				ENABLE_STRICT_OBJC_MSGSEND = YES;
				GCC_C_LANGUAGE_STANDARD = gnu11;
				GCC_NO_COMMON_BLOCKS = YES;
				GCC_WARN_64_TO_32_BIT_CONVERSION = YES;
				GCC_WARN_ABOUT_RETURN_TYPE = YES_ERROR;
				GCC_WARN_UNDECLARED_SELECTOR = YES;
				GCC_WARN_UNINITIALIZED_AUTOS = YES_AGGRESSIVE;
				GCC_WARN_UNUSED_FUNCTION = YES;
				GCC_WARN_UNUSED_VARIABLE = YES;
				IPHONEOS_DEPLOYMENT_TARGET = 14.0;
				MTL_ENABLE_DEBUG_INFO = NO;
				MTL_FAST_MATH = YES;
				SDKROOT = iphoneos;
				SWIFT_COMPILATION_MODE = wholemodule;
				SWIFT_OPTIMIZATION_LEVEL = "-O";
				VALIDATE_PRODUCT = YES;
			};
			name = Release;
		};
		413C15032537F180009A8716 /* Debug */ = {
			isa = XCBuildConfiguration;
			buildSettings = {
				ASSETCATALOG_COMPILER_APPICON_NAME = AppIcon;
				ASSETCATALOG_COMPILER_GLOBAL_ACCENT_COLOR_NAME = AccentColor;
				CODE_SIGN_STYLE = Automatic;
				INFOPLIST_FILE = TrainingAssistant/Info.plist;
				LD_RUNPATH_SEARCH_PATHS = (
					"$(inherited)",
					"@executable_path/Frameworks",
				);
				PRODUCT_BUNDLE_IDENTIFIER = ITESM.TrainingAssistant;
				PRODUCT_NAME = "$(TARGET_NAME)";
				SWIFT_VERSION = 5.0;
				TARGETED_DEVICE_FAMILY = "1,2";
			};
			name = Debug;
		};
		413C15042537F180009A8716 /* Release */ = {
			isa = XCBuildConfiguration;
			buildSettings = {
				ASSETCATALOG_COMPILER_APPICON_NAME = AppIcon;
				ASSETCATALOG_COMPILER_GLOBAL_ACCENT_COLOR_NAME = AccentColor;
				CODE_SIGN_STYLE = Automatic;
				INFOPLIST_FILE = TrainingAssistant/Info.plist;
				LD_RUNPATH_SEARCH_PATHS = (
					"$(inherited)",
					"@executable_path/Frameworks",
				);
				PRODUCT_BUNDLE_IDENTIFIER = ITESM.TrainingAssistant;
				PRODUCT_NAME = "$(TARGET_NAME)";
				SWIFT_VERSION = 5.0;
				TARGETED_DEVICE_FAMILY = "1,2";
			};
			name = Release;
		};
/* End XCBuildConfiguration section */

/* Begin XCConfigurationList section */
		413C14E92537F06B009A8716 /* Build configuration list for PBXProject "TrainingAssistant" */ = {
			isa = XCConfigurationList;
			buildConfigurations = (
				413C15002537F17F009A8716 /* Debug */,
				413C15012537F180009A8716 /* Release */,
			);
			defaultConfigurationIsVisible = 0;
			defaultConfigurationName = Release;
		};
		413C15022537F180009A8716 /* Build configuration list for PBXNativeTarget "TrainingAssistant" */ = {
			isa = XCConfigurationList;
			buildConfigurations = (
				413C15032537F180009A8716 /* Debug */,
				413C15042537F180009A8716 /* Release */,
			);
			defaultConfigurationIsVisible = 0;
			defaultConfigurationName = Release;
		};
/* End XCConfigurationList section */
	};
	rootObject = 413C14E62537F06B009A8716 /* Project object */;
}
